
Microsoft Visual Studio Solution File, Format Version 12.00
# Visual Studio Version 16
VisualStudioVersion = 25.0.1700.0
MinimumVisualStudioVersion = 10.0.40219.1
Project("{FAE04EC0-301F-11D3-BF4B-00C04F79EFBC}") = "ProjectFTK", "ProjectFTK.csproj", "{8C7E3991-5F81-44AE-97EB-0DAFF9331A1D}"
EndProject
Global
	GlobalSection(SolutionConfigurationPlatforms) = preSolution
		Debug|Any CPU = Debug|Any CPU
		Release|Any CPU = Release|Any CPU
	EndGlobalSection
	GlobalSection(ProjectConfigurationPlatforms) = postSolution
		{8C7E3991-5F81-44AE-97EB-0DAFF9331A1D}.Debug|Any CPU.ActiveCfg = Debug|Any CPU
		{8C7E3991-5F81-44AE-97EB-0DAFF9331A1D}.Debug|Any CPU.Build.0 = Debug|Any CPU
		{8C7E3991-5F81-44AE-97EB-0DAFF9331A1D}.Release|Any CPU.ActiveCfg = Release|Any CPU
		{8C7E3991-5F81-44AE-97EB-0DAFF9331A1D}.Release|Any CPU.Build.0 = Release|Any CPU
	EndGlobalSection
	GlobalSection(SolutionProperties) = preSolution
		HideSolutionNode = FALSE
	EndGlobalSection
	GlobalSection(ExtensibilityGlobals) = postSolution
		SolutionGuid = {7308321B-3528-4D78-A6CE-83F972EA0AD7}
	EndGlobalSection
EndGlobal
